
Microsoft Visual Studio Solution File, Format Version 12.00
# Visual Studio 14
VisualStudioVersion = 14.0.25123.0
MinimumVisualStudioVersion = 10.0.40219.1
Project("{FAE04EC0-301F-11D3-BF4B-00C04F79EFBC}") = "CrashPlanAPILib", "CrashPlanAPILib\CrashPlanAPILib.csproj", "{8B3C88D4-D711-4934-8587-7B751AF6390D}"
EndProject
Project("{FAE04EC0-301F-11D3-BF4B-00C04F79EFBC}") = "CrashPlanAPICli", "CrashPlanAPICli\CrashPlanAPICli.csproj", "{750F2473-7120-4B82-B450-452FB980F55F}"
EndProject
Global
	GlobalSection(SolutionConfigurationPlatforms) = preSolution
		Debug|Any CPU = Debug|Any CPU
		Release|Any CPU = Release|Any CPU
	EndGlobalSection
	GlobalSection(ProjectConfigurationPlatforms) = postSolution
		{8B3C88D4-D711-4934-8587-7B751AF6390D}.Debug|Any CPU.ActiveCfg = Debug|Any CPU
		{8B3C88D4-D711-4934-8587-7B751AF6390D}.Debug|Any CPU.Build.0 = Debug|Any CPU
		{8B3C88D4-D711-4934-8587-7B751AF6390D}.Release|Any CPU.ActiveCfg = Release|Any CPU
		{8B3C88D4-D711-4934-8587-7B751AF6390D}.Release|Any CPU.Build.0 = Release|Any CPU
		{750F2473-7120-4B82-B450-452FB980F55F}.Debug|Any CPU.ActiveCfg = Debug|Any CPU
		{750F2473-7120-4B82-B450-452FB980F55F}.Debug|Any CPU.Build.0 = Debug|Any CPU
		{750F2473-7120-4B82-B450-452FB980F55F}.Release|Any CPU.ActiveCfg = Release|Any CPU
		{750F2473-7120-4B82-B450-452FB980F55F}.Release|Any CPU.Build.0 = Release|Any CPU
	EndGlobalSection
	GlobalSection(SolutionProperties) = preSolution
		HideSolutionNode = FALSE
	EndGlobalSection
EndGlobal
